<Solution>
  <Project Path="../Framework/Avak.StateMachine.Core/Avak.StateMachine.Core.csproj" />
  <Project Path="Avak.StateMachine.Sample.CommToolKitWpfApp/Avak.StateMachine.Sample.CommToolKitWpfApp.csproj" />
  <Project Path="Avak.StateMachine.Sample.ConsoleUI/Avak.StateMachine.Sample.ConsoleUI.csproj" />
  <Project Path="Avak.StateMachine.Sample.WpfViewChanged/Avak.StateMachine.Sample.WpfViewChanged.csproj" />
</Solution>

